
Microsoft Visual Studio Solution File, Format Version 11.00
# Visual Studio 2010
Project("{FAE04EC0-301F-11D3-BF4B-00C04F79EFBC}") = "Reddit", "Reddit\Reddit.csproj", "{404BDCA9-A1DD-4C99-8DD7-11FA2E378C36}"
EndProject
Project("{FAE04EC0-301F-11D3-BF4B-00C04F79EFBC}") = "Test", "Test\Test.csproj", "{96D73626-E639-4857-9F67-ABE15D3F8517}"
EndProject
Project("{FAE04EC0-301F-11D3-BF4B-00C04F79EFBC}") = "Reddit.Tests", "Reddit.Tests\Reddit.Tests.csproj", "{54FFBEB2-A3F7-4157-9D90-249896315D99}"
EndProject
Global
	GlobalSection(SolutionConfigurationPlatforms) = preSolution
		Debug|Any CPU = Debug|Any CPU
		Debug|Mixed Platforms = Debug|Mixed Platforms
		Debug|x86 = Debug|x86
		Release|Any CPU = Release|Any CPU
		Release|Mixed Platforms = Release|Mixed Platforms
		Release|x86 = Release|x86
	EndGlobalSection
	GlobalSection(ProjectConfigurationPlatforms) = postSolution
		{404BDCA9-A1DD-4C99-8DD7-11FA2E378C36}.Debug|Any CPU.ActiveCfg = Debug|Any CPU
		{404BDCA9-A1DD-4C99-8DD7-11FA2E378C36}.Debug|Any CPU.Build.0 = Debug|Any CPU
		{404BDCA9-A1DD-4C99-8DD7-11FA2E378C36}.Debug|Mixed Platforms.ActiveCfg = Debug|Any CPU
		{404BDCA9-A1DD-4C99-8DD7-11FA2E378C36}.Debug|Mixed Platforms.Build.0 = Debug|Any CPU
		{404BDCA9-A1DD-4C99-8DD7-11FA2E378C36}.Debug|x86.ActiveCfg = Debug|Any CPU
		{404BDCA9-A1DD-4C99-8DD7-11FA2E378C36}.Release|Any CPU.ActiveCfg = Release|Any CPU
		{404BDCA9-A1DD-4C99-8DD7-11FA2E378C36}.Release|Any CPU.Build.0 = Release|Any CPU
		{404BDCA9-A1DD-4C99-8DD7-11FA2E378C36}.Release|Mixed Platforms.ActiveCfg = Release|Any CPU
		{404BDCA9-A1DD-4C99-8DD7-11FA2E378C36}.Release|Mixed Platforms.Build.0 = Release|Any CPU
		{404BDCA9-A1DD-4C99-8DD7-11FA2E378C36}.Release|x86.ActiveCfg = Release|Any CPU
		{96D73626-E639-4857-9F67-ABE15D3F8517}.Debug|Any CPU.ActiveCfg = Debug|x86
		{96D73626-E639-4857-9F67-ABE15D3F8517}.Debug|Mixed Platforms.ActiveCfg = Debug|x86
		{96D73626-E639-4857-9F67-ABE15D3F8517}.Debug|Mixed Platforms.Build.0 = Debug|x86
		{96D73626-E639-4857-9F67-ABE15D3F8517}.Debug|x86.ActiveCfg = Debug|x86
		{96D73626-E639-4857-9F67-ABE15D3F8517}.Debug|x86.Build.0 = Debug|x86
		{96D73626-E639-4857-9F67-ABE15D3F8517}.Release|Any CPU.ActiveCfg = Release|x86
		{96D73626-E639-4857-9F67-ABE15D3F8517}.Release|Mixed Platforms.ActiveCfg = Release|x86
		{96D73626-E639-4857-9F67-ABE15D3F8517}.Release|Mixed Platforms.Build.0 = Release|x86
		{96D73626-E639-4857-9F67-ABE15D3F8517}.Release|x86.ActiveCfg = Release|x86
		{96D73626-E639-4857-9F67-ABE15D3F8517}.Release|x86.Build.0 = Release|x86
		{54FFBEB2-A3F7-4157-9D90-249896315D99}.Debug|Any CPU.ActiveCfg = Debug|Any CPU
		{54FFBEB2-A3F7-4157-9D90-249896315D99}.Debug|Any CPU.Build.0 = Debug|Any CPU
		{54FFBEB2-A3F7-4157-9D90-249896315D99}.Debug|Mixed Platforms.ActiveCfg = Debug|Any CPU
		{54FFBEB2-A3F7-4157-9D90-249896315D99}.Debug|Mixed Platforms.Build.0 = Debug|Any CPU
		{54FFBEB2-A3F7-4157-9D90-249896315D99}.Debug|x86.ActiveCfg = Debug|Any CPU
		{54FFBEB2-A3F7-4157-9D90-249896315D99}.Release|Any CPU.ActiveCfg = Release|Any CPU
		{54FFBEB2-A3F7-4157-9D90-249896315D99}.Release|Any CPU.Build.0 = Release|Any CPU
		{54FFBEB2-A3F7-4157-9D90-249896315D99}.Release|Mixed Platforms.ActiveCfg = Release|Any CPU
		{54FFBEB2-A3F7-4157-9D90-249896315D99}.Release|Mixed Platforms.Build.0 = Release|Any CPU
		{54FFBEB2-A3F7-4157-9D90-249896315D99}.Release|x86.ActiveCfg = Release|Any CPU
	EndGlobalSection
	GlobalSection(SolutionProperties) = preSolution
		HideSolutionNode = FALSE
	EndGlobalSection
EndGlobal
